
Microsoft Visual Studio Solution File, Format Version 12.00
# Visual Studio Version 17
VisualStudioVersion = 17.5.33530.505
MinimumVisualStudioVersion = 10.0.40219.1
Project("{FAE04EC0-301F-11D3-BF4B-00C04F79EFBC}") = "Laura Salcedo Maso Math Quiz", "Laura Salcedo Maso Math Quiz.csproj", "{19BC17F8-A3C4-4B12-9272-98FED961068B}"
EndProject
Global
	GlobalSection(SolutionConfigurationPlatforms) = preSolution
		Debug|Any CPU = Debug|Any CPU
		Release|Any CPU = Release|Any CPU
	EndGlobalSection
	GlobalSection(ProjectConfigurationPlatforms) = postSolution
		{19BC17F8-A3C4-4B12-9272-98FED961068B}.Debug|Any CPU.ActiveCfg = Debug|Any CPU
		{19BC17F8-A3C4-4B12-9272-98FED961068B}.Debug|Any CPU.Build.0 = Debug|Any CPU
		{19BC17F8-A3C4-4B12-9272-98FED961068B}.Release|Any CPU.ActiveCfg = Release|Any CPU
		{19BC17F8-A3C4-4B12-9272-98FED961068B}.Release|Any CPU.Build.0 = Release|Any CPU
	EndGlobalSection
	GlobalSection(SolutionProperties) = preSolution
		HideSolutionNode = FALSE
	EndGlobalSection
	GlobalSection(ExtensibilityGlobals) = postSolution
		SolutionGuid = {DD6811F9-73C3-4A78-BC5A-40747B00D975}
	EndGlobalSection
EndGlobal
